
Microsoft Visual Studio Solution File, Format Version 12.00
# Visual Studio Version 17
VisualStudioVersion = 17.14.36017.23
MinimumVisualStudioVersion = 10.0.40219.1
Project("{FAE04EC0-301F-11D3-BF4B-00C04F79EFBC}") = "FunctionsAspireApril", "FunctionsAspireApril\FunctionsAspireApril.csproj", "{AF82B5FE-0475-B7D9-5928-637129481E1A}"
EndProject
Project("{FAE04EC0-301F-11D3-BF4B-00C04F79EFBC}") = "FunctionsAspireApril.AppHost", "FunctionsAspireApril.AppHost\FunctionsAspireApril.AppHost.csproj", "{ACF98C94-B8D7-45C3-BEEF-92079B60C8FA}"
EndProject
Project("{FAE04EC0-301F-11D3-BF4B-00C04F79EFBC}") = "FunctionsAspireApril.ServiceDefaults", "FunctionsAspireApril.ServiceDefaults\FunctionsAspireApril.ServiceDefaults.csproj", "{BCC6E862-6A1E-DEEB-E18E-42B2DF846195}"
EndProject
Global
	GlobalSection(SolutionConfigurationPlatforms) = preSolution
		Debug|Any CPU = Debug|Any CPU
		Release|Any CPU = Release|Any CPU
	EndGlobalSection
	GlobalSection(ProjectConfigurationPlatforms) = postSolution
		{AF82B5FE-0475-B7D9-5928-637129481E1A}.Debug|Any CPU.ActiveCfg = Debug|Any CPU
		{AF82B5FE-0475-B7D9-5928-637129481E1A}.Debug|Any CPU.Build.0 = Debug|Any CPU
		{AF82B5FE-0475-B7D9-5928-637129481E1A}.Release|Any CPU.ActiveCfg = Release|Any CPU
		{AF82B5FE-0475-B7D9-5928-637129481E1A}.Release|Any CPU.Build.0 = Release|Any CPU
		{ACF98C94-B8D7-45C3-BEEF-92079B60C8FA}.Debug|Any CPU.ActiveCfg = Debug|Any CPU
		{ACF98C94-B8D7-45C3-BEEF-92079B60C8FA}.Debug|Any CPU.Build.0 = Debug|Any CPU
		{ACF98C94-B8D7-45C3-BEEF-92079B60C8FA}.Release|Any CPU.ActiveCfg = Release|Any CPU
		{ACF98C94-B8D7-45C3-BEEF-92079B60C8FA}.Release|Any CPU.Build.0 = Release|Any CPU
		{BCC6E862-6A1E-DEEB-E18E-42B2DF846195}.Debug|Any CPU.ActiveCfg = Debug|Any CPU
		{BCC6E862-6A1E-DEEB-E18E-42B2DF846195}.Debug|Any CPU.Build.0 = Debug|Any CPU
		{BCC6E862-6A1E-DEEB-E18E-42B2DF846195}.Release|Any CPU.ActiveCfg = Release|Any CPU
		{BCC6E862-6A1E-DEEB-E18E-42B2DF846195}.Release|Any CPU.Build.0 = Release|Any CPU
	EndGlobalSection
	GlobalSection(SolutionProperties) = preSolution
		HideSolutionNode = FALSE
	EndGlobalSection
	GlobalSection(ExtensibilityGlobals) = postSolution
		SolutionGuid = {674E0882-F35B-422A-A26A-22F6E558B2FF}
	EndGlobalSection
EndGlobal
